{
	"requires": true,
	"lockfileVersion": 1,
	"dependencies": {
		"sweetalert2": {
			"version": "10.7.0",
			"resolved": "https://registry.npmjs.org/sweetalert2/-/sweetalert2-10.7.0.tgz",
			"integrity": "sha512-L/RwuY6JKs38nxnIjLnnNLnZ0+m2Bod+fXgNS2ewLI+9xzNJwUcPGv/Sh3wn2bmNNjcfuHTS7qZKwa7AIeDvNg=="
		}
	}
}
